
Microsoft Visual Studio Solution File, Format Version 12.00
# Visual Studio Version 17
VisualStudioVersion = 17.8.34525.116
MinimumVisualStudioVersion = 10.0.40219.1
Project("{9A19103F-16F7-4668-BE54-9A1E7A4F7556}") = "RateAndReview", "RateAndReview\RateAndReview.csproj", "{6457DE2B-3423-480F-8C81-2960251476DA}"
EndProject
Project("{9A19103F-16F7-4668-BE54-9A1E7A4F7556}") = "RateAndReview.Client", "RateAndReview.Client\RateAndReview.Client.csproj", "{C9617587-76C9-4320-87C0-9395BFE94ECE}"
EndProject
Global
	GlobalSection(SolutionConfigurationPlatforms) = preSolution
		Debug|Any CPU = Debug|Any CPU
		Release|Any CPU = Release|Any CPU
	EndGlobalSection
	GlobalSection(ProjectConfigurationPlatforms) = postSolution
		{6457DE2B-3423-480F-8C81-2960251476DA}.Debug|Any CPU.ActiveCfg = Debug|Any CPU
		{6457DE2B-3423-480F-8C81-2960251476DA}.Debug|Any CPU.Build.0 = Debug|Any CPU
		{6457DE2B-3423-480F-8C81-2960251476DA}.Release|Any CPU.ActiveCfg = Release|Any CPU
		{6457DE2B-3423-480F-8C81-2960251476DA}.Release|Any CPU.Build.0 = Release|Any CPU
		{C9617587-76C9-4320-87C0-9395BFE94ECE}.Debug|Any CPU.ActiveCfg = Debug|Any CPU
		{C9617587-76C9-4320-87C0-9395BFE94ECE}.Debug|Any CPU.Build.0 = Debug|Any CPU
		{C9617587-76C9-4320-87C0-9395BFE94ECE}.Release|Any CPU.ActiveCfg = Release|Any CPU
		{C9617587-76C9-4320-87C0-9395BFE94ECE}.Release|Any CPU.Build.0 = Release|Any CPU
	EndGlobalSection
	GlobalSection(SolutionProperties) = preSolution
		HideSolutionNode = FALSE
	EndGlobalSection
	GlobalSection(ExtensibilityGlobals) = postSolution
		SolutionGuid = {9C405B46-FBDF-4DFF-8979-0E59B6BF2424}
	EndGlobalSection
EndGlobal
